
Microsoft Visual Studio Solution File, Format Version 12.00
# Visual Studio Version 17
VisualStudioVersion = 17.0.31903.59
MinimumVisualStudioVersion = 10.0.40219.1
Project("{FAE04EC0-301F-11D3-BF4B-00C04F79EFBC}") = "PerfumeriaAnita", "PerfumeriaAnita.csproj", "{5940733C-DF4A-45B1-AB3B-8C9DD405FA85}"
EndProject
Project("{FAE04EC0-301F-11D3-BF4B-00C04F79EFBC}") = "PerfumeriaAnita.Shared", "PerfumeriaAnita.Shared\PerfumeriaAnita.Shared.csproj", "{A680DC6E-7833-4376-8DD2-D2F492A4B3C3}"
EndProject
Global
	GlobalSection(SolutionConfigurationPlatforms) = preSolution
		Debug|Any CPU = Debug|Any CPU
		Release|Any CPU = Release|Any CPU
	EndGlobalSection
	GlobalSection(ProjectConfigurationPlatforms) = postSolution
		{5940733C-DF4A-45B1-AB3B-8C9DD405FA85}.Debug|Any CPU.ActiveCfg = Debug|Any CPU
		{5940733C-DF4A-45B1-AB3B-8C9DD405FA85}.Debug|Any CPU.Build.0 = Debug|Any CPU
		{5940733C-DF4A-45B1-AB3B-8C9DD405FA85}.Release|Any CPU.ActiveCfg = Release|Any CPU
		{5940733C-DF4A-45B1-AB3B-8C9DD405FA85}.Release|Any CPU.Build.0 = Release|Any CPU
		{A680DC6E-7833-4376-8DD2-D2F492A4B3C3}.Debug|Any CPU.ActiveCfg = Debug|Any CPU
		{A680DC6E-7833-4376-8DD2-D2F492A4B3C3}.Debug|Any CPU.Build.0 = Debug|Any CPU
		{A680DC6E-7833-4376-8DD2-D2F492A4B3C3}.Release|Any CPU.ActiveCfg = Release|Any CPU
		{A680DC6E-7833-4376-8DD2-D2F492A4B3C3}.Release|Any CPU.Build.0 = Release|Any CPU
	EndGlobalSection
	GlobalSection(SolutionProperties) = preSolution
		HideSolutionNode = FALSE
	EndGlobalSection
EndGlobal
